
Microsoft Visual Studio Solution File, Format Version 12.00
# Visual Studio 2013
VisualStudioVersion = 12.0.31101.0
MinimumVisualStudioVersion = 10.0.40219.1
Project("{8BC9CEB8-8B4A-11D0-8D11-00A0C91BC942}") = "输入一个数字打印相应图形", "输入一个数字打印相应图形\输入一个数字打印相应图形.vcxproj", "{AB172612-BE9A-4866-9386-BF7EFA5F4BD7}"
EndProject
Project("{8BC9CEB8-8B4A-11D0-8D11-00A0C91BC942}") = "打印由数字组成的回字形图形", "打印由数字组成的回字形图形\打印由数字组成的回字形图形.vcxproj", "{9977556B-7476-4FEA-B946-F2F1A9DC3CF3}"
EndProject
Project("{8BC9CEB8-8B4A-11D0-8D11-00A0C91BC942}") = "求和", "求和\求和.vcxproj", "{B67A7622-C7CB-42CB-A42B-822FF8F1DD7F}"
EndProject
Project("{8BC9CEB8-8B4A-11D0-8D11-00A0C91BC942}") = "递归求和", "递归求和\递归求和.vcxproj", "{EC70714F-4B8D-435A-93AE-D1A47964999C}"
EndProject
Project("{8BC9CEB8-8B4A-11D0-8D11-00A0C91BC942}") = "循环解斐波那契数列问题", "循环解斐波那契数列问题\循环解斐波那契数列问题.vcxproj", "{28FE0DBA-FB71-4D02-8A35-062FF08E8206}"
EndProject
Global
	GlobalSection(SolutionConfigurationPlatforms) = preSolution
		Debug|Win32 = Debug|Win32
		Release|Win32 = Release|Win32
	EndGlobalSection
	GlobalSection(ProjectConfigurationPlatforms) = postSolution
		{AB172612-BE9A-4866-9386-BF7EFA5F4BD7}.Debug|Win32.ActiveCfg = Debug|Win32
		{AB172612-BE9A-4866-9386-BF7EFA5F4BD7}.Debug|Win32.Build.0 = Debug|Win32
		{AB172612-BE9A-4866-9386-BF7EFA5F4BD7}.Release|Win32.ActiveCfg = Release|Win32
		{AB172612-BE9A-4866-9386-BF7EFA5F4BD7}.Release|Win32.Build.0 = Release|Win32
		{9977556B-7476-4FEA-B946-F2F1A9DC3CF3}.Debug|Win32.ActiveCfg = Debug|Win32
		{9977556B-7476-4FEA-B946-F2F1A9DC3CF3}.Debug|Win32.Build.0 = Debug|Win32
		{9977556B-7476-4FEA-B946-F2F1A9DC3CF3}.Release|Win32.ActiveCfg = Release|Win32
		{9977556B-7476-4FEA-B946-F2F1A9DC3CF3}.Release|Win32.Build.0 = Release|Win32
		{B67A7622-C7CB-42CB-A42B-822FF8F1DD7F}.Debug|Win32.ActiveCfg = Debug|Win32
		{B67A7622-C7CB-42CB-A42B-822FF8F1DD7F}.Debug|Win32.Build.0 = Debug|Win32
		{B67A7622-C7CB-42CB-A42B-822FF8F1DD7F}.Release|Win32.ActiveCfg = Release|Win32
		{B67A7622-C7CB-42CB-A42B-822FF8F1DD7F}.Release|Win32.Build.0 = Release|Win32
		{EC70714F-4B8D-435A-93AE-D1A47964999C}.Debug|Win32.ActiveCfg = Debug|Win32
		{EC70714F-4B8D-435A-93AE-D1A47964999C}.Debug|Win32.Build.0 = Debug|Win32
		{EC70714F-4B8D-435A-93AE-D1A47964999C}.Release|Win32.ActiveCfg = Release|Win32
		{EC70714F-4B8D-435A-93AE-D1A47964999C}.Release|Win32.Build.0 = Release|Win32
		{28FE0DBA-FB71-4D02-8A35-062FF08E8206}.Debug|Win32.ActiveCfg = Debug|Win32
		{28FE0DBA-FB71-4D02-8A35-062FF08E8206}.Debug|Win32.Build.0 = Debug|Win32
		{28FE0DBA-FB71-4D02-8A35-062FF08E8206}.Release|Win32.ActiveCfg = Release|Win32
		{28FE0DBA-FB71-4D02-8A35-062FF08E8206}.Release|Win32.Build.0 = Release|Win32
	EndGlobalSection
	GlobalSection(SolutionProperties) = preSolution
		HideSolutionNode = FALSE
	EndGlobalSection
EndGlobal
